
Microsoft Visual Studio Solution File, Format Version 12.00
Project("{FAE04EC0-301F-11D3-BF4B-00C04F79EFBC}") = "API", "API\API.csproj", "{656DF6CE-0176-446F-95D3-48D12A969F84}"
EndProject
Project("{FAE04EC0-301F-11D3-BF4B-00C04F79EFBC}") = "LoggerService", "LoggerService\LoggerService.csproj", "{3DD1DEB1-0FCD-4B51-ACE4-65F59A348084}"
EndProject
Project("{FAE04EC0-301F-11D3-BF4B-00C04F79EFBC}") = "Common", "Common\Common.csproj", "{3B095DE7-2FAD-491B-9167-13B716B3C64A}"
EndProject
Project("{FAE04EC0-301F-11D3-BF4B-00C04F79EFBC}") = "Repository", "Repository\Repository.csproj", "{AD594B8A-22AD-4051-804C-12D5BAC270D3}"
EndProject
Project("{FAE04EC0-301F-11D3-BF4B-00C04F79EFBC}") = "Services", "Services\Services.csproj", "{C4B0A64C-AD3B-4820-977B-A26718049866}"
EndProject
Global
	GlobalSection(SolutionConfigurationPlatforms) = preSolution
		Debug|Any CPU = Debug|Any CPU
		Release|Any CPU = Release|Any CPU
	EndGlobalSection
	GlobalSection(ProjectConfigurationPlatforms) = postSolution
		{656DF6CE-0176-446F-95D3-48D12A969F84}.Debug|Any CPU.ActiveCfg = Debug|Any CPU
		{656DF6CE-0176-446F-95D3-48D12A969F84}.Debug|Any CPU.Build.0 = Debug|Any CPU
		{656DF6CE-0176-446F-95D3-48D12A969F84}.Release|Any CPU.ActiveCfg = Release|Any CPU
		{656DF6CE-0176-446F-95D3-48D12A969F84}.Release|Any CPU.Build.0 = Release|Any CPU
		{3DD1DEB1-0FCD-4B51-ACE4-65F59A348084}.Debug|Any CPU.ActiveCfg = Debug|Any CPU
		{3DD1DEB1-0FCD-4B51-ACE4-65F59A348084}.Debug|Any CPU.Build.0 = Debug|Any CPU
		{3DD1DEB1-0FCD-4B51-ACE4-65F59A348084}.Release|Any CPU.ActiveCfg = Release|Any CPU
		{3DD1DEB1-0FCD-4B51-ACE4-65F59A348084}.Release|Any CPU.Build.0 = Release|Any CPU
		{3B095DE7-2FAD-491B-9167-13B716B3C64A}.Debug|Any CPU.ActiveCfg = Debug|Any CPU
		{3B095DE7-2FAD-491B-9167-13B716B3C64A}.Debug|Any CPU.Build.0 = Debug|Any CPU
		{3B095DE7-2FAD-491B-9167-13B716B3C64A}.Release|Any CPU.ActiveCfg = Release|Any CPU
		{3B095DE7-2FAD-491B-9167-13B716B3C64A}.Release|Any CPU.Build.0 = Release|Any CPU
		{AD594B8A-22AD-4051-804C-12D5BAC270D3}.Debug|Any CPU.ActiveCfg = Debug|Any CPU
		{AD594B8A-22AD-4051-804C-12D5BAC270D3}.Debug|Any CPU.Build.0 = Debug|Any CPU
		{AD594B8A-22AD-4051-804C-12D5BAC270D3}.Release|Any CPU.ActiveCfg = Release|Any CPU
		{AD594B8A-22AD-4051-804C-12D5BAC270D3}.Release|Any CPU.Build.0 = Release|Any CPU
		{C4B0A64C-AD3B-4820-977B-A26718049866}.Debug|Any CPU.ActiveCfg = Debug|Any CPU
		{C4B0A64C-AD3B-4820-977B-A26718049866}.Debug|Any CPU.Build.0 = Debug|Any CPU
		{C4B0A64C-AD3B-4820-977B-A26718049866}.Release|Any CPU.ActiveCfg = Release|Any CPU
		{C4B0A64C-AD3B-4820-977B-A26718049866}.Release|Any CPU.Build.0 = Release|Any CPU
	EndGlobalSection
EndGlobal
